{
  "name": "arbitium",
  "version": "1.0.0",
  "lockfileVersion": 3,
  "requires": true,
  "packages": {
    "": {
      "name": "arbitium",
      "version": "1.0.0",
      "license": "ISC",
      "workspaces": [
        "apps/*",
        "libs/*",
        "services/*"
      ]
    },
    "apps/api-gateway": {
      "version": "1.0.0",
      "license": "ISC"
    },
    "apps/web-client": {
      "version": "1.0.0",
      "license": "ISC",
      "devDependencies": {}
    },
    "apps/ws-gateway": {
      "version": "1.0.0",
      "license": "ISC",
      "devDependencies": {}
    },
    "libs/ts-engine-client": {
      "version": "1.0.0",
      "license": "ISC",
      "devDependencies": {}
    },
    "libs/ts-shared": {
      "version": "1.0.0",
      "license": "ISC",
      "devDependencies": {}
    },
    "node_modules/api-gateway": {
      "resolved": "apps/api-gateway",
      "link": true
    },
    "node_modules/data-service": {
      "resolved": "services/data-service",
      "link": true
    },
    "node_modules/market-maker": {
      "resolved": "services/market-maker",
      "link": true
    },
    "node_modules/ts-engine-client": {
      "resolved": "libs/ts-engine-client",
      "link": true
    },
    "node_modules/ts-shared": {
      "resolved": "libs/ts-shared",
      "link": true
    },
    "node_modules/web-client": {
      "resolved": "apps/web-client",
      "link": true
    },
    "node_modules/ws-gateway": {
      "resolved": "apps/ws-gateway",
      "link": true
    },
    "services/data-service": {
      "version": "1.0.0",
      "license": "ISC",
      "devDependencies": {}
    },
    "services/market-maker": {
      "version": "1.0.0",
      "license": "ISC",
      "devDependencies": {}
    }
  }
}
